
Microsoft Visual Studio Solution File, Format Version 12.00
# Visual Studio 15
VisualStudioVersion = 15.0.27703.2026
MinimumVisualStudioVersion = 10.0.40219.1
Project("{8BC9CEB8-8B4A-11D0-8D11-00A0C91BC942}") = "CGNotebook", "CGNotebook\CGNotebook.vcxproj", "{7398CF12-AB6A-4800-9B96-60AB372114E2}"
EndProject
Global
	GlobalSection(SolutionConfigurationPlatforms) = preSolution
		Debug|x64 = Debug|x64
		Debug|x86 = Debug|x86
		Release|x64 = Release|x64
		Release|x86 = Release|x86
	EndGlobalSection
	GlobalSection(ProjectConfigurationPlatforms) = postSolution
		{7398CF12-AB6A-4800-9B96-60AB372114E2}.Debug|x64.ActiveCfg = Debug|x64
		{7398CF12-AB6A-4800-9B96-60AB372114E2}.Debug|x64.Build.0 = Debug|x64
		{7398CF12-AB6A-4800-9B96-60AB372114E2}.Debug|x86.ActiveCfg = Debug|Win32
		{7398CF12-AB6A-4800-9B96-60AB372114E2}.Debug|x86.Build.0 = Debug|Win32
		{7398CF12-AB6A-4800-9B96-60AB372114E2}.Release|x64.ActiveCfg = Release|x64
		{7398CF12-AB6A-4800-9B96-60AB372114E2}.Release|x64.Build.0 = Release|x64
		{7398CF12-AB6A-4800-9B96-60AB372114E2}.Release|x86.ActiveCfg = Release|Win32
		{7398CF12-AB6A-4800-9B96-60AB372114E2}.Release|x86.Build.0 = Release|Win32
	EndGlobalSection
	GlobalSection(SolutionProperties) = preSolution
		HideSolutionNode = FALSE
	EndGlobalSection
	GlobalSection(ExtensibilityGlobals) = postSolution
		SolutionGuid = {2F99B1A3-37D3-41FD-95D8-783D6A9F37D2}
	EndGlobalSection
EndGlobal
